
Microsoft Visual Studio Solution File, Format Version 11.00
# Visual Studio 2010
Project("{FAE04EC0-301F-11D3-BF4B-00C04F79EFBC}") = "Definitif.Data", "Data\Definitif.Data.csproj", "{A1FFD453-E4BF-4518-80A1-365FB1CE03B3}"
EndProject
Project("{FAE04EC0-301F-11D3-BF4B-00C04F79EFBC}") = "Definitif.Data.ObjectSql", "Data.ObjectSql\Definitif.Data.ObjectSql.csproj", "{8DEEC172-D1AE-4422-8302-0C9D611FBF25}"
EndProject
Project("{2150E333-8FDC-42A3-9474-1A3956D46DE8}") = "Tests", "Tests", "{72D6EE5E-368E-45CB-99EE-12AFEAD9C271}"
EndProject
Project("{FAE04EC0-301F-11D3-BF4B-00C04F79EFBC}") = "Definitif.Data.ObjectSql.Test", "Data.ObjectSql.Test\Definitif.Data.ObjectSql.Test.csproj", "{6855B9F6-BB61-432E-8EEB-6812DF5B53E2}"
EndProject
Project("{FAE04EC0-301F-11D3-BF4B-00C04F79EFBC}") = "Definitif.Security.Cryptography", "Security.Cryptography\Definitif.Security.Cryptography.csproj", "{BB5ED749-15BF-4CF6-B3B8-71C14ACC8BFF}"
EndProject
Project("{FAE04EC0-301F-11D3-BF4B-00C04F79EFBC}") = "Definitif.ServiceModel", "ServiceModel\Definitif.ServiceModel.csproj", "{F9C3E3EA-CE8E-4BC6-9973-002B9C827D85}"
EndProject
Project("{2150E333-8FDC-42A3-9474-1A3956D46DE8}") = "Solution Items", "Solution Items", "{EB9330D4-DC86-4A61-9B6A-BADD59E2619B}"
	ProjectSection(SolutionItems) = preProject
		Definitif.Box.vsmdi = Definitif.Box.vsmdi
	EndProjectSection
EndProject
Project("{FAE04EC0-301F-11D3-BF4B-00C04F79EFBC}") = "Definitif.VisualStudio.Classifier", "VisualStudio.Classifier\Definitif.VisualStudio.Classifier.csproj", "{1C4585CE-2529-4962-91B5-306280C7A6F6}"
EndProject
Project("{FAE04EC0-301F-11D3-BF4B-00C04F79EFBC}") = "Definitif.VisualStudio.Generator", "VisualStudio.Generator\Definitif.VisualStudio.Generator.csproj", "{1DF7A7D4-B129-441A-9C94-4DFCA48C8DE9}"
EndProject
Project("{930C7802-8A8C-48F9-8165-68863BCCD9DD}") = "Definitif.Box.Setup", "Box.Setup\Definitif.Box.Setup.wixproj", "{DA4E1980-9318-4972-B206-E6C5BC784593}"
EndProject
Project("{FAE04EC0-301F-11D3-BF4B-00C04F79EFBC}") = "VisualStudio.Generator.Test", "VisualStudio.Generator.Test\VisualStudio.Generator.Test.csproj", "{81B386D0-E825-4329-81F7-7632A861C397}"
EndProject
Global
	GlobalSection(TestCaseManagementSettings) = postSolution
		CategoryFile = Definitif.Box.vsmdi
	EndGlobalSection
	GlobalSection(SolutionConfigurationPlatforms) = preSolution
		Debug|Any CPU = Debug|Any CPU
		Release|Any CPU = Release|Any CPU
	EndGlobalSection
	GlobalSection(ProjectConfigurationPlatforms) = postSolution
		{A1FFD453-E4BF-4518-80A1-365FB1CE03B3}.Debug|Any CPU.ActiveCfg = Debug|Any CPU
		{A1FFD453-E4BF-4518-80A1-365FB1CE03B3}.Debug|Any CPU.Build.0 = Debug|Any CPU
		{A1FFD453-E4BF-4518-80A1-365FB1CE03B3}.Release|Any CPU.ActiveCfg = Release|Any CPU
		{A1FFD453-E4BF-4518-80A1-365FB1CE03B3}.Release|Any CPU.Build.0 = Release|Any CPU
		{8DEEC172-D1AE-4422-8302-0C9D611FBF25}.Debug|Any CPU.ActiveCfg = Debug|Any CPU
		{8DEEC172-D1AE-4422-8302-0C9D611FBF25}.Debug|Any CPU.Build.0 = Debug|Any CPU
		{8DEEC172-D1AE-4422-8302-0C9D611FBF25}.Release|Any CPU.ActiveCfg = Release|Any CPU
		{8DEEC172-D1AE-4422-8302-0C9D611FBF25}.Release|Any CPU.Build.0 = Release|Any CPU
		{6855B9F6-BB61-432E-8EEB-6812DF5B53E2}.Debug|Any CPU.ActiveCfg = Debug|Any CPU
		{6855B9F6-BB61-432E-8EEB-6812DF5B53E2}.Debug|Any CPU.Build.0 = Debug|Any CPU
		{6855B9F6-BB61-432E-8EEB-6812DF5B53E2}.Release|Any CPU.ActiveCfg = Release|Any CPU
		{6855B9F6-BB61-432E-8EEB-6812DF5B53E2}.Release|Any CPU.Build.0 = Release|Any CPU
		{BB5ED749-15BF-4CF6-B3B8-71C14ACC8BFF}.Debug|Any CPU.ActiveCfg = Debug|Any CPU
		{BB5ED749-15BF-4CF6-B3B8-71C14ACC8BFF}.Debug|Any CPU.Build.0 = Debug|Any CPU
		{BB5ED749-15BF-4CF6-B3B8-71C14ACC8BFF}.Release|Any CPU.ActiveCfg = Release|Any CPU
		{BB5ED749-15BF-4CF6-B3B8-71C14ACC8BFF}.Release|Any CPU.Build.0 = Release|Any CPU
		{F9C3E3EA-CE8E-4BC6-9973-002B9C827D85}.Debug|Any CPU.ActiveCfg = Debug|Any CPU
		{F9C3E3EA-CE8E-4BC6-9973-002B9C827D85}.Debug|Any CPU.Build.0 = Debug|Any CPU
		{F9C3E3EA-CE8E-4BC6-9973-002B9C827D85}.Release|Any CPU.ActiveCfg = Release|Any CPU
		{F9C3E3EA-CE8E-4BC6-9973-002B9C827D85}.Release|Any CPU.Build.0 = Release|Any CPU
		{1C4585CE-2529-4962-91B5-306280C7A6F6}.Debug|Any CPU.ActiveCfg = Debug|Any CPU
		{1C4585CE-2529-4962-91B5-306280C7A6F6}.Debug|Any CPU.Build.0 = Debug|Any CPU
		{1C4585CE-2529-4962-91B5-306280C7A6F6}.Release|Any CPU.ActiveCfg = Release|Any CPU
		{1C4585CE-2529-4962-91B5-306280C7A6F6}.Release|Any CPU.Build.0 = Release|Any CPU
		{1DF7A7D4-B129-441A-9C94-4DFCA48C8DE9}.Debug|Any CPU.ActiveCfg = Debug|Any CPU
		{1DF7A7D4-B129-441A-9C94-4DFCA48C8DE9}.Debug|Any CPU.Build.0 = Debug|Any CPU
		{1DF7A7D4-B129-441A-9C94-4DFCA48C8DE9}.Release|Any CPU.ActiveCfg = Release|Any CPU
		{1DF7A7D4-B129-441A-9C94-4DFCA48C8DE9}.Release|Any CPU.Build.0 = Release|Any CPU
		{DA4E1980-9318-4972-B206-E6C5BC784593}.Debug|Any CPU.ActiveCfg = Debug|x86
		{DA4E1980-9318-4972-B206-E6C5BC784593}.Release|Any CPU.ActiveCfg = Release|x86
		{81B386D0-E825-4329-81F7-7632A861C397}.Debug|Any CPU.ActiveCfg = Debug|Any CPU
		{81B386D0-E825-4329-81F7-7632A861C397}.Debug|Any CPU.Build.0 = Debug|Any CPU
		{81B386D0-E825-4329-81F7-7632A861C397}.Release|Any CPU.ActiveCfg = Release|Any CPU
		{81B386D0-E825-4329-81F7-7632A861C397}.Release|Any CPU.Build.0 = Release|Any CPU
	EndGlobalSection
	GlobalSection(SolutionProperties) = preSolution
		HideSolutionNode = FALSE
	EndGlobalSection
	GlobalSection(NestedProjects) = preSolution
		{6855B9F6-BB61-432E-8EEB-6812DF5B53E2} = {72D6EE5E-368E-45CB-99EE-12AFEAD9C271}
		{81B386D0-E825-4329-81F7-7632A861C397} = {72D6EE5E-368E-45CB-99EE-12AFEAD9C271}
	EndGlobalSection
EndGlobal
